// !$*UTF8*$!
{
	archiveVersion = 1;
	classes = {
	};
	objectVersion = 56;
	objects = {

/* Begin PBXBuildFile section */
		527C29782B331DCD00CF81FF /* AppDelegate.swift in Sources */ = {isa = PBXBuildFile; fileRef = 527C29772B331DCD00CF81FF /* AppDelegate.swift */; };
		527C297A2B331DCD00CF81FF /* SceneDelegate.swift in Sources */ = {isa = PBXBuildFile; fileRef = 527C29792B331DCD00CF81FF /* SceneDelegate.swift */; };
		527C297C2B331DCD00CF81FF /* ViewController.swift in Sources */ = {isa = PBXBuildFile; fileRef = 527C297B2B331DCD00CF81FF /* ViewController.swift */; };
		527C29812B331DCE00CF81FF /* Assets.xcassets in Resources */ = {isa = PBXBuildFile; fileRef = 527C29802B331DCE00CF81FF /* Assets.xcassets */; };
		527C29842B331DCE00CF81FF /* LaunchScreen.storyboard in Resources */ = {isa = PBXBuildFile; fileRef = 527C29822B331DCE00CF81FF /* LaunchScreen.storyboard */; };
		527C29912B331F8F00CF81FF /* FactoryVC.swift in Sources */ = {isa = PBXBuildFile; fileRef = 527C29902B331F8F00CF81FF /* FactoryVC.swift */; };
		527C29932B33218700CF81FF /* screenFactory.swift in Sources */ = {isa = PBXBuildFile; fileRef = 527C29922B33218700CF81FF /* screenFactory.swift */; };
		527C29962B332E0F00CF81FF /* BuilderVC.swift in Sources */ = {isa = PBXBuildFile; fileRef = 527C29952B332E0F00CF81FF /* BuilderVC.swift */; };
		527C29992B33303B00CF81FF /* MealBuilder.swift in Sources */ = {isa = PBXBuildFile; fileRef = 527C29982B33303B00CF81FF /* MealBuilder.swift */; };
/* End PBXBuildFile section */

/* Begin PBXFileReference section */
		527C29742B331DCD00CF81FF /* Design-Patterns-In-Swift.app */ = {isa = PBXFileReference; explicitFileType = wrapper.application; includeInIndex = 0; path = "Design-Patterns-In-Swift.app"; sourceTree = BUILT_PRODUCTS_DIR; };
		527C29772B331DCD00CF81FF /* AppDelegate.swift */ = {isa = PBXFileReference; lastKnownFileType = sourcecode.swift; path = AppDelegate.swift; sourceTree = "<group>"; };
		527C29792B331DCD00CF81FF /* SceneDelegate.swift */ = {isa = PBXFileReference; lastKnownFileType = sourcecode.swift; path = SceneDelegate.swift; sourceTree = "<group>"; };
		527C297B2B331DCD00CF81FF /* ViewController.swift */ = {isa = PBXFileReference; lastKnownFileType = sourcecode.swift; path = ViewController.swift; sourceTree = "<group>"; };
		527C29802B331DCE00CF81FF /* Assets.xcassets */ = {isa = PBXFileReference; lastKnownFileType = folder.assetcatalog; path = Assets.xcassets; sourceTree = "<group>"; };
		527C29832B331DCE00CF81FF /* Base */ = {isa = PBXFileReference; lastKnownFileType = file.storyboard; name = Base; path = Base.lproj/LaunchScreen.storyboard; sourceTree = "<group>"; };
		527C29852B331DCE00CF81FF /* Info.plist */ = {isa = PBXFileReference; lastKnownFileType = text.plist.xml; path = Info.plist; sourceTree = "<group>"; };
		527C29902B331F8F00CF81FF /* FactoryVC.swift */ = {isa = PBXFileReference; lastKnownFileType = sourcecode.swift; path = FactoryVC.swift; sourceTree = "<group>"; };
		527C29922B33218700CF81FF /* screenFactory.swift */ = {isa = PBXFileReference; lastKnownFileType = sourcecode.swift; path = screenFactory.swift; sourceTree = "<group>"; };
		527C29952B332E0F00CF81FF /* BuilderVC.swift */ = {isa = PBXFileReference; lastKnownFileType = sourcecode.swift; path = BuilderVC.swift; sourceTree = "<group>"; };
		527C29972B332FAE00CF81FF /* differences-b-fac-bu.md */ = {isa = PBXFileReference; lastKnownFileType = net.daringfireball.markdown; path = "differences-b-fac-bu.md"; sourceTree = "<group>"; };
		527C29982B33303B00CF81FF /* MealBuilder.swift */ = {isa = PBXFileReference; lastKnownFileType = sourcecode.swift; path = MealBuilder.swift; sourceTree = "<group>"; };
/* End PBXFileReference section */

/* Begin PBXFrameworksBuildPhase section */
		527C29712B331DCD00CF81FF /* Frameworks */ = {
			isa = PBXFrameworksBuildPhase;
			buildActionMask = 2147483647;
			files = (
			);
			runOnlyForDeploymentPostprocessing = 0;
		};
/* End PBXFrameworksBuildPhase section */

/* Begin PBXGroup section */
		527C296B2B331DCD00CF81FF = {
			isa = PBXGroup;
			children = (
				527C29762B331DCD00CF81FF /* Design-Patterns-In-Swift */,
				527C29752B331DCD00CF81FF /* Products */,
			);
			sourceTree = "<group>";
		};
		527C29752B331DCD00CF81FF /* Products */ = {
			isa = PBXGroup;
			children = (
				527C29742B331DCD00CF81FF /* Design-Patterns-In-Swift.app */,
			);
			name = Products;
			sourceTree = "<group>";
		};
		527C29762B331DCD00CF81FF /* Design-Patterns-In-Swift */ = {
			isa = PBXGroup;
			children = (
				527C298E2B331E6000CF81FF /* Behavioural */,
				527C298D2B331E5A00CF81FF /* Structural */,
				527C298C2B331E5000CF81FF /* Creational */,
				527C298B2B331E4000CF81FF /* Architectural */,
				527C29772B331DCD00CF81FF /* AppDelegate.swift */,
				527C29792B331DCD00CF81FF /* SceneDelegate.swift */,
				527C297B2B331DCD00CF81FF /* ViewController.swift */,
				527C29802B331DCE00CF81FF /* Assets.xcassets */,
				527C29822B331DCE00CF81FF /* LaunchScreen.storyboard */,
				527C29852B331DCE00CF81FF /* Info.plist */,
			);
			path = "Design-Patterns-In-Swift";
			sourceTree = "<group>";
		};
		527C298B2B331E4000CF81FF /* Architectural */ = {
			isa = PBXGroup;
			children = (
			);
			path = Architectural;
			sourceTree = "<group>";
		};
		527C298C2B331E5000CF81FF /* Creational */ = {
			isa = PBXGroup;
			children = (
				527C29942B332DCE00CF81FF /* Builder */,
				527C298F2B331EB600CF81FF /* Factory */,
			);
			path = Creational;
			sourceTree = "<group>";
		};
		527C298D2B331E5A00CF81FF /* Structural */ = {
			isa = PBXGroup;
			children = (
			);
			path = Structural;
			sourceTree = "<group>";
		};
		527C298E2B331E6000CF81FF /* Behavioural */ = {
			isa = PBXGroup;
			children = (
			);
			path = Behavioural;
			sourceTree = "<group>";
		};
		527C298F2B331EB600CF81FF /* Factory */ = {
			isa = PBXGroup;
			children = (
				527C29902B331F8F00CF81FF /* FactoryVC.swift */,
				527C29922B33218700CF81FF /* screenFactory.swift */,
			);
			path = Factory;
			sourceTree = "<group>";
		};
		527C29942B332DCE00CF81FF /* Builder */ = {
			isa = PBXGroup;
			children = (
				527C29952B332E0F00CF81FF /* BuilderVC.swift */,
				527C29972B332FAE00CF81FF /* differences-b-fac-bu.md */,
				527C29982B33303B00CF81FF /* MealBuilder.swift */,
			);
			path = Builder;
			sourceTree = "<group>";
		};
/* End PBXGroup section */

/* Begin PBXNativeTarget section */
		527C29732B331DCD00CF81FF /* Design-Patterns-In-Swift */ = {
			isa = PBXNativeTarget;
			buildConfigurationList = 527C29882B331DCE00CF81FF /* Build configuration list for PBXNativeTarget "Design-Patterns-In-Swift" */;
			buildPhases = (
				527C29702B331DCD00CF81FF /* Sources */,
				527C29712B331DCD00CF81FF /* Frameworks */,
				527C29722B331DCD00CF81FF /* Resources */,
			);
			buildRules = (
			);
			dependencies = (
			);
			name = "Design-Patterns-In-Swift";
			productName = "Design-Patterns-In-Swift";
			productReference = 527C29742B331DCD00CF81FF /* Design-Patterns-In-Swift.app */;
			productType = "com.apple.product-type.application";
		};
/* End PBXNativeTarget section */

/* Begin PBXProject section */
		527C296C2B331DCD00CF81FF /* Project object */ = {
			isa = PBXProject;
			attributes = {
				BuildIndependentTargetsInParallel = 1;
				LastSwiftUpdateCheck = 1510;
				LastUpgradeCheck = 1510;
				TargetAttributes = {
					527C29732B331DCD00CF81FF = {
						CreatedOnToolsVersion = 15.1;
					};
				};
			};
			buildConfigurationList = 527C296F2B331DCD00CF81FF /* Build configuration list for PBXProject "Design-Patterns-In-Swift" */;
			compatibilityVersion = "Xcode 14.0";
			developmentRegion = en;
			hasScannedForEncodings = 0;
			knownRegions = (
				en,
				Base,
			);
			mainGroup = 527C296B2B331DCD00CF81FF;
			productRefGroup = 527C29752B331DCD00CF81FF /* Products */;
			projectDirPath = "";
			projectRoot = "";
			targets = (
				527C29732B331DCD00CF81FF /* Design-Patterns-In-Swift */,
			);
		};
/* End PBXProject section */

/* Begin PBXResourcesBuildPhase section */
		527C29722B331DCD00CF81FF /* Resources */ = {
			isa = PBXResourcesBuildPhase;
			buildActionMask = 2147483647;
			files = (
				527C29842B331DCE00CF81FF /* LaunchScreen.storyboard in Resources */,
				527C29812B331DCE00CF81FF /* Assets.xcassets in Resources */,
			);
			runOnlyForDeploymentPostprocessing = 0;
		};
/* End PBXResourcesBuildPhase section */

/* Begin PBXSourcesBuildPhase section */
		527C29702B331DCD00CF81FF /* Sources */ = {
			isa = PBXSourcesBuildPhase;
			buildActionMask = 2147483647;
			files = (
				527C29932B33218700CF81FF /* screenFactory.swift in Sources */,
				527C297C2B331DCD00CF81FF /* ViewController.swift in Sources */,
				527C29782B331DCD00CF81FF /* AppDelegate.swift in Sources */,
				527C297A2B331DCD00CF81FF /* SceneDelegate.swift in Sources */,
				527C29992B33303B00CF81FF /* MealBuilder.swift in Sources */,
				527C29962B332E0F00CF81FF /* BuilderVC.swift in Sources */,
				527C29912B331F8F00CF81FF /* FactoryVC.swift in Sources */,
			);
			runOnlyForDeploymentPostprocessing = 0;
		};
/* End PBXSourcesBuildPhase section */

/* Begin PBXVariantGroup section */
		527C29822B331DCE00CF81FF /* LaunchScreen.storyboard */ = {
			isa = PBXVariantGroup;
			children = (
				527C29832B331DCE00CF81FF /* Base */,
			);
			name = LaunchScreen.storyboard;
			sourceTree = "<group>";
		};
/* End PBXVariantGroup section */

/* Begin XCBuildConfiguration section */
		527C29862B331DCE00CF81FF /* Debug */ = {
			isa = XCBuildConfiguration;
			buildSettings = {
				ALWAYS_SEARCH_USER_PATHS = NO;
				ASSETCATALOG_COMPILER_GENERATE_SWIFT_ASSET_SYMBOL_EXTENSIONS = YES;
				CLANG_ANALYZER_NONNULL = YES;
				CLANG_ANALYZER_NUMBER_OBJECT_CONVERSION = YES_AGGRESSIVE;
				CLANG_CXX_LANGUAGE_STANDARD = "gnu++20";
				CLANG_ENABLE_MODULES = YES;
				CLANG_ENABLE_OBJC_ARC = YES;
				CLANG_ENABLE_OBJC_WEAK = YES;
				CLANG_WARN_BLOCK_CAPTURE_AUTORELEASING = YES;
				CLANG_WARN_BOOL_CONVERSION = YES;
				CLANG_WARN_COMMA = YES;
				CLANG_WARN_CONSTANT_CONVERSION = YES;
				CLANG_WARN_DEPRECATED_OBJC_IMPLEMENTATIONS = YES;
				CLANG_WARN_DIRECT_OBJC_ISA_USAGE = YES_ERROR;
				CLANG_WARN_DOCUMENTATION_COMMENTS = YES;
				CLANG_WARN_EMPTY_BODY = YES;
				CLANG_WARN_ENUM_CONVERSION = YES;
				CLANG_WARN_INFINITE_RECURSION = YES;
				CLANG_WARN_INT_CONVERSION = YES;
				CLANG_WARN_NON_LITERAL_NULL_CONVERSION = YES;
				CLANG_WARN_OBJC_IMPLICIT_RETAIN_SELF = YES;
				CLANG_WARN_OBJC_LITERAL_CONVERSION = YES;
				CLANG_WARN_OBJC_ROOT_CLASS = YES_ERROR;
				CLANG_WARN_QUOTED_INCLUDE_IN_FRAMEWORK_HEADER = YES;
				CLANG_WARN_RANGE_LOOP_ANALYSIS = YES;
				CLANG_WARN_STRICT_PROTOTYPES = YES;
				CLANG_WARN_SUSPICIOUS_MOVE = YES;
				CLANG_WARN_UNGUARDED_AVAILABILITY = YES_AGGRESSIVE;
				CLANG_WARN_UNREACHABLE_CODE = YES;
				CLANG_WARN__DUPLICATE_METHOD_MATCH = YES;
				COPY_PHASE_STRIP = NO;
				DEBUG_INFORMATION_FORMAT = dwarf;
				ENABLE_STRICT_OBJC_MSGSEND = YES;
				ENABLE_TESTABILITY = YES;
				ENABLE_USER_SCRIPT_SANDBOXING = YES;
				GCC_C_LANGUAGE_STANDARD = gnu17;
				GCC_DYNAMIC_NO_PIC = NO;
				GCC_NO_COMMON_BLOCKS = YES;
				GCC_OPTIMIZATION_LEVEL = 0;
				GCC_PREPROCESSOR_DEFINITIONS = (
					"DEBUG=1",
					"$(inherited)",
				);
				GCC_WARN_64_TO_32_BIT_CONVERSION = YES;
				GCC_WARN_ABOUT_RETURN_TYPE = YES_ERROR;
				GCC_WARN_UNDECLARED_SELECTOR = YES;
				GCC_WARN_UNINITIALIZED_AUTOS = YES_AGGRESSIVE;
				GCC_WARN_UNUSED_FUNCTION = YES;
				GCC_WARN_UNUSED_VARIABLE = YES;
				IPHONEOS_DEPLOYMENT_TARGET = 17.2;
				LOCALIZATION_PREFERS_STRING_CATALOGS = YES;
				MTL_ENABLE_DEBUG_INFO = INCLUDE_SOURCE;
				MTL_FAST_MATH = YES;
				ONLY_ACTIVE_ARCH = YES;
				SDKROOT = iphoneos;
				SWIFT_ACTIVE_COMPILATION_CONDITIONS = "DEBUG $(inherited)";
				SWIFT_OPTIMIZATION_LEVEL = "-Onone";
			};
			name = Debug;
		};
		527C29872B331DCE00CF81FF /* Release */ = {
			isa = XCBuildConfiguration;
			buildSettings = {
				ALWAYS_SEARCH_USER_PATHS = NO;
				ASSETCATALOG_COMPILER_GENERATE_SWIFT_ASSET_SYMBOL_EXTENSIONS = YES;
				CLANG_ANALYZER_NONNULL = YES;
				CLANG_ANALYZER_NUMBER_OBJECT_CONVERSION = YES_AGGRESSIVE;
				CLANG_CXX_LANGUAGE_STANDARD = "gnu++20";
				CLANG_ENABLE_MODULES = YES;
				CLANG_ENABLE_OBJC_ARC = YES;
				CLANG_ENABLE_OBJC_WEAK = YES;
				CLANG_WARN_BLOCK_CAPTURE_AUTORELEASING = YES;
				CLANG_WARN_BOOL_CONVERSION = YES;
				CLANG_WARN_COMMA = YES;
				CLANG_WARN_CONSTANT_CONVERSION = YES;
				CLANG_WARN_DEPRECATED_OBJC_IMPLEMENTATIONS = YES;
				CLANG_WARN_DIRECT_OBJC_ISA_USAGE = YES_ERROR;
				CLANG_WARN_DOCUMENTATION_COMMENTS = YES;
				CLANG_WARN_EMPTY_BODY = YES;
				CLANG_WARN_ENUM_CONVERSION = YES;
				CLANG_WARN_INFINITE_RECURSION = YES;
				CLANG_WARN_INT_CONVERSION = YES;
				CLANG_WARN_NON_LITERAL_NULL_CONVERSION = YES;
				CLANG_WARN_OBJC_IMPLICIT_RETAIN_SELF = YES;
				CLANG_WARN_OBJC_LITERAL_CONVERSION = YES;
				CLANG_WARN_OBJC_ROOT_CLASS = YES_ERROR;
				CLANG_WARN_QUOTED_INCLUDE_IN_FRAMEWORK_HEADER = YES;
				CLANG_WARN_RANGE_LOOP_ANALYSIS = YES;
				CLANG_WARN_STRICT_PROTOTYPES = YES;
				CLANG_WARN_SUSPICIOUS_MOVE = YES;
				CLANG_WARN_UNGUARDED_AVAILABILITY = YES_AGGRESSIVE;
				CLANG_WARN_UNREACHABLE_CODE = YES;
				CLANG_WARN__DUPLICATE_METHOD_MATCH = YES;
				COPY_PHASE_STRIP = NO;
				DEBUG_INFORMATION_FORMAT = "dwarf-with-dsym";
				ENABLE_NS_ASSERTIONS = NO;
				ENABLE_STRICT_OBJC_MSGSEND = YES;
				ENABLE_USER_SCRIPT_SANDBOXING = YES;
				GCC_C_LANGUAGE_STANDARD = gnu17;
				GCC_NO_COMMON_BLOCKS = YES;
				GCC_WARN_64_TO_32_BIT_CONVERSION = YES;
				GCC_WARN_ABOUT_RETURN_TYPE = YES_ERROR;
				GCC_WARN_UNDECLARED_SELECTOR = YES;
				GCC_WARN_UNINITIALIZED_AUTOS = YES_AGGRESSIVE;
				GCC_WARN_UNUSED_FUNCTION = YES;
				GCC_WARN_UNUSED_VARIABLE = YES;
				IPHONEOS_DEPLOYMENT_TARGET = 17.2;
				LOCALIZATION_PREFERS_STRING_CATALOGS = YES;
				MTL_ENABLE_DEBUG_INFO = NO;
				MTL_FAST_MATH = YES;
				SDKROOT = iphoneos;
				SWIFT_COMPILATION_MODE = wholemodule;
				VALIDATE_PRODUCT = YES;
			};
			name = Release;
		};
		527C29892B331DCE00CF81FF /* Debug */ = {
			isa = XCBuildConfiguration;
			buildSettings = {
				ASSETCATALOG_COMPILER_APPICON_NAME = AppIcon;
				ASSETCATALOG_COMPILER_GLOBAL_ACCENT_COLOR_NAME = AccentColor;
				CODE_SIGN_STYLE = Automatic;
				CURRENT_PROJECT_VERSION = 1;
				DEVELOPMENT_TEAM = 2758CUH3C2;
				GENERATE_INFOPLIST_FILE = YES;
				INFOPLIST_FILE = "Design-Patterns-In-Swift/Info.plist";
				INFOPLIST_KEY_UIApplicationSupportsIndirectInputEvents = YES;
				INFOPLIST_KEY_UILaunchStoryboardName = LaunchScreen;
				INFOPLIST_KEY_UISupportedInterfaceOrientations_iPad = "UIInterfaceOrientationPortrait UIInterfaceOrientationPortraitUpsideDown UIInterfaceOrientationLandscapeLeft UIInterfaceOrientationLandscapeRight";
				INFOPLIST_KEY_UISupportedInterfaceOrientations_iPhone = "UIInterfaceOrientationPortrait UIInterfaceOrientationLandscapeLeft UIInterfaceOrientationLandscapeRight";
				LD_RUNPATH_SEARCH_PATHS = (
					"$(inherited)",
					"@executable_path/Frameworks",
				);
				MARKETING_VERSION = 1.0;
				PRODUCT_BUNDLE_IDENTIFIER = "com.ulasozturk.Design-Patterns-In-Swift";
				PRODUCT_NAME = "$(TARGET_NAME)";
				SWIFT_EMIT_LOC_STRINGS = YES;
				SWIFT_VERSION = 5.0;
				TARGETED_DEVICE_FAMILY = "1,2";
			};
			name = Debug;
		};
		527C298A2B331DCE00CF81FF /* Release */ = {
			isa = XCBuildConfiguration;
			buildSettings = {
				ASSETCATALOG_COMPILER_APPICON_NAME = AppIcon;
				ASSETCATALOG_COMPILER_GLOBAL_ACCENT_COLOR_NAME = AccentColor;
				CODE_SIGN_STYLE = Automatic;
				CURRENT_PROJECT_VERSION = 1;
				DEVELOPMENT_TEAM = 2758CUH3C2;
				GENERATE_INFOPLIST_FILE = YES;
				INFOPLIST_FILE = "Design-Patterns-In-Swift/Info.plist";
				INFOPLIST_KEY_UIApplicationSupportsIndirectInputEvents = YES;
				INFOPLIST_KEY_UILaunchStoryboardName = LaunchScreen;
				INFOPLIST_KEY_UISupportedInterfaceOrientations_iPad = "UIInterfaceOrientationPortrait UIInterfaceOrientationPortraitUpsideDown UIInterfaceOrientationLandscapeLeft UIInterfaceOrientationLandscapeRight";
				INFOPLIST_KEY_UISupportedInterfaceOrientations_iPhone = "UIInterfaceOrientationPortrait UIInterfaceOrientationLandscapeLeft UIInterfaceOrientationLandscapeRight";
				LD_RUNPATH_SEARCH_PATHS = (
					"$(inherited)",
					"@executable_path/Frameworks",
				);
				MARKETING_VERSION = 1.0;
				PRODUCT_BUNDLE_IDENTIFIER = "com.ulasozturk.Design-Patterns-In-Swift";
				PRODUCT_NAME = "$(TARGET_NAME)";
				SWIFT_EMIT_LOC_STRINGS = YES;
				SWIFT_VERSION = 5.0;
				TARGETED_DEVICE_FAMILY = "1,2";
			};
			name = Release;
		};
/* End XCBuildConfiguration section */

/* Begin XCConfigurationList section */
		527C296F2B331DCD00CF81FF /* Build configuration list for PBXProject "Design-Patterns-In-Swift" */ = {
			isa = XCConfigurationList;
			buildConfigurations = (
				527C29862B331DCE00CF81FF /* Debug */,
				527C29872B331DCE00CF81FF /* Release */,
			);
			defaultConfigurationIsVisible = 0;
			defaultConfigurationName = Release;
		};
		527C29882B331DCE00CF81FF /* Build configuration list for PBXNativeTarget "Design-Patterns-In-Swift" */ = {
			isa = XCConfigurationList;
			buildConfigurations = (
				527C29892B331DCE00CF81FF /* Debug */,
				527C298A2B331DCE00CF81FF /* Release */,
			);
			defaultConfigurationIsVisible = 0;
			defaultConfigurationName = Release;
		};
/* End XCConfigurationList section */
	};
	rootObject = 527C296C2B331DCD00CF81FF /* Project object */;
}
